// !$*UTF8*$!
{
	archiveVersion = 1;
	classes = {
	};
	objectVersion = 56;
	objects = {

/* Begin PBXBuildFile section */
		83456EDE2C120F4F001B02A6 /* MackenzieView.swift in Sources */ = {isa = PBXBuildFile; fileRef = 83456EDD2C120F4F001B02A6 /* MackenzieView.swift */; };
		83456EE02C12124C001B02A6 /* PullenView.swift in Sources */ = {isa = PBXBuildFile; fileRef = 83456EDF2C12124C001B02A6 /* PullenView.swift */; };
		83456EE22C12127F001B02A6 /* SheldrakeView.swift in Sources */ = {isa = PBXBuildFile; fileRef = 83456EE12C12127F001B02A6 /* SheldrakeView.swift */; };
		83456EE42C121529001B02A6 /* LefeverHistoryView.swift in Sources */ = {isa = PBXBuildFile; fileRef = 83456EE32C121529001B02A6 /* LefeverHistoryView.swift */; };
		83456EE62C121860001B02A6 /* LefeverMemberView.swift in Sources */ = {isa = PBXBuildFile; fileRef = 83456EE52C121860001B02A6 /* LefeverMemberView.swift */; };
		8347A1522C19FA390068C745 /* LandingView.swift in Sources */ = {isa = PBXBuildFile; fileRef = 8347A1512C19FA390068C745 /* LandingView.swift */; };
		83947F622C138FE100B3C237 /* LefeverEventView.swift in Sources */ = {isa = PBXBuildFile; fileRef = 83947F612C138FE100B3C237 /* LefeverEventView.swift */; };
		839AAF0D2C0F4D5E0051C0D9 /* LefeverView.swift in Sources */ = {isa = PBXBuildFile; fileRef = 839AAF0C2C0F4D5E0051C0D9 /* LefeverView.swift */; };
		83B68E272C0A57320087E8B1 /* LCSPaperHouseApp.swift in Sources */ = {isa = PBXBuildFile; fileRef = 83B68E262C0A57320087E8B1 /* LCSPaperHouseApp.swift */; };
		83B68E292C0A57320087E8B1 /* ContentView.swift in Sources */ = {isa = PBXBuildFile; fileRef = 83B68E282C0A57320087E8B1 /* ContentView.swift */; };
		83B68E2B2C0A57340087E8B1 /* Assets.xcassets in Resources */ = {isa = PBXBuildFile; fileRef = 83B68E2A2C0A57340087E8B1 /* Assets.xcassets */; };
		83B68E2E2C0A57340087E8B1 /* Preview Assets.xcassets in Resources */ = {isa = PBXBuildFile; fileRef = 83B68E2D2C0A57340087E8B1 /* Preview Assets.xcassets */; };
		83B68E352C0A574F0087E8B1 /* StartingView.swift in Sources */ = {isa = PBXBuildFile; fileRef = 83B68E342C0A574E0087E8B1 /* StartingView.swift */; };
		83B68E382C0A5ADD0087E8B1 /* LoginView.swift in Sources */ = {isa = PBXBuildFile; fileRef = 83B68E372C0A5ADD0087E8B1 /* LoginView.swift */; };
		83B68E3A2C0A5BE50087E8B1 /* HouseView.swift in Sources */ = {isa = PBXBuildFile; fileRef = 83B68E392C0A5BE50087E8B1 /* HouseView.swift */; };
		83D040A52C17D5E400370829 /* MackemzieHistoryView.swift in Sources */ = {isa = PBXBuildFile; fileRef = 83D040A42C17D5E400370829 /* MackemzieHistoryView.swift */; };
		83D040A72C17DD3100370829 /* RankView.swift in Sources */ = {isa = PBXBuildFile; fileRef = 83D040A62C17DD3100370829 /* RankView.swift */; };
		83D040A92C17DE8900370829 /* HistoryView.swift in Sources */ = {isa = PBXBuildFile; fileRef = 83D040A82C17DE8900370829 /* HistoryView.swift */; };
/* End PBXBuildFile section */

/* Begin PBXFileReference section */
		83456EDD2C120F4F001B02A6 /* MackenzieView.swift */ = {isa = PBXFileReference; lastKnownFileType = sourcecode.swift; path = MackenzieView.swift; sourceTree = "<group>"; };
		83456EDF2C12124C001B02A6 /* PullenView.swift */ = {isa = PBXFileReference; lastKnownFileType = sourcecode.swift; path = PullenView.swift; sourceTree = "<group>"; };
		83456EE12C12127F001B02A6 /* SheldrakeView.swift */ = {isa = PBXFileReference; lastKnownFileType = sourcecode.swift; path = SheldrakeView.swift; sourceTree = "<group>"; };
		83456EE32C121529001B02A6 /* LefeverHistoryView.swift */ = {isa = PBXFileReference; lastKnownFileType = sourcecode.swift; path = LefeverHistoryView.swift; sourceTree = "<group>"; };
		83456EE52C121860001B02A6 /* LefeverMemberView.swift */ = {isa = PBXFileReference; lastKnownFileType = sourcecode.swift; path = LefeverMemberView.swift; sourceTree = "<group>"; };
		8347A1512C19FA390068C745 /* LandingView.swift */ = {isa = PBXFileReference; lastKnownFileType = sourcecode.swift; path = LandingView.swift; sourceTree = "<group>"; };
		83947F612C138FE100B3C237 /* LefeverEventView.swift */ = {isa = PBXFileReference; lastKnownFileType = sourcecode.swift; path = LefeverEventView.swift; sourceTree = "<group>"; };
		839AAF0C2C0F4D5E0051C0D9 /* LefeverView.swift */ = {isa = PBXFileReference; lastKnownFileType = sourcecode.swift; path = LefeverView.swift; sourceTree = "<group>"; };
		83B68E232C0A57320087E8B1 /* LCSPaperHouse.app */ = {isa = PBXFileReference; explicitFileType = wrapper.application; includeInIndex = 0; path = LCSPaperHouse.app; sourceTree = BUILT_PRODUCTS_DIR; };
		83B68E262C0A57320087E8B1 /* LCSPaperHouseApp.swift */ = {isa = PBXFileReference; lastKnownFileType = sourcecode.swift; path = LCSPaperHouseApp.swift; sourceTree = "<group>"; };
		83B68E282C0A57320087E8B1 /* ContentView.swift */ = {isa = PBXFileReference; lastKnownFileType = sourcecode.swift; path = ContentView.swift; sourceTree = "<group>"; };
		83B68E2A2C0A57340087E8B1 /* Assets.xcassets */ = {isa = PBXFileReference; lastKnownFileType = folder.assetcatalog; path = Assets.xcassets; sourceTree = "<group>"; };
		83B68E2D2C0A57340087E8B1 /* Preview Assets.xcassets */ = {isa = PBXFileReference; lastKnownFileType = folder.assetcatalog; path = "Preview Assets.xcassets"; sourceTree = "<group>"; };
		83B68E342C0A574E0087E8B1 /* StartingView.swift */ = {isa = PBXFileReference; lastKnownFileType = sourcecode.swift; path = StartingView.swift; sourceTree = "<group>"; };
		83B68E372C0A5ADD0087E8B1 /* LoginView.swift */ = {isa = PBXFileReference; lastKnownFileType = sourcecode.swift; path = LoginView.swift; sourceTree = "<group>"; };
		83B68E392C0A5BE50087E8B1 /* HouseView.swift */ = {isa = PBXFileReference; lastKnownFileType = sourcecode.swift; path = HouseView.swift; sourceTree = "<group>"; };
		83D040A42C17D5E400370829 /* MackemzieHistoryView.swift */ = {isa = PBXFileReference; lastKnownFileType = sourcecode.swift; path = MackemzieHistoryView.swift; sourceTree = "<group>"; };
		83D040A62C17DD3100370829 /* RankView.swift */ = {isa = PBXFileReference; lastKnownFileType = sourcecode.swift; path = RankView.swift; sourceTree = "<group>"; };
		83D040A82C17DE8900370829 /* HistoryView.swift */ = {isa = PBXFileReference; lastKnownFileType = sourcecode.swift; path = HistoryView.swift; sourceTree = "<group>"; };
/* End PBXFileReference section */

/* Begin PBXFrameworksBuildPhase section */
		83B68E202C0A57320087E8B1 /* Frameworks */ = {
			isa = PBXFrameworksBuildPhase;
			buildActionMask = 2147483647;
			files = (
			);
			runOnlyForDeploymentPostprocessing = 0;
		};
/* End PBXFrameworksBuildPhase section */

/* Begin PBXGroup section */
		83B68E1A2C0A57320087E8B1 = {
			isa = PBXGroup;
			children = (
				83B68E252C0A57320087E8B1 /* LCSPaperHouse */,
				83B68E242C0A57320087E8B1 /* Products */,
			);
			sourceTree = "<group>";
		};
		83B68E242C0A57320087E8B1 /* Products */ = {
			isa = PBXGroup;
			children = (
				83B68E232C0A57320087E8B1 /* LCSPaperHouse.app */,
			);
			name = Products;
			sourceTree = "<group>";
		};
		83B68E252C0A57320087E8B1 /* LCSPaperHouse */ = {
			isa = PBXGroup;
			children = (
				83B68E262C0A57320087E8B1 /* LCSPaperHouseApp.swift */,
				83B68E362C0A586F0087E8B1 /* Views */,
				83B68E2A2C0A57340087E8B1 /* Assets.xcassets */,
				83B68E2C2C0A57340087E8B1 /* Preview Content */,
			);
			path = LCSPaperHouse;
			sourceTree = "<group>";
		};
		83B68E2C2C0A57340087E8B1 /* Preview Content */ = {
			isa = PBXGroup;
			children = (
				83B68E2D2C0A57340087E8B1 /* Preview Assets.xcassets */,
			);
			path = "Preview Content";
			sourceTree = "<group>";
		};
		83B68E362C0A586F0087E8B1 /* Views */ = {
			isa = PBXGroup;
			children = (
				83B68E282C0A57320087E8B1 /* ContentView.swift */,
				83B68E342C0A574E0087E8B1 /* StartingView.swift */,
				83B68E372C0A5ADD0087E8B1 /* LoginView.swift */,
				83B68E392C0A5BE50087E8B1 /* HouseView.swift */,
				83D040A62C17DD3100370829 /* RankView.swift */,
				83D040A82C17DE8900370829 /* HistoryView.swift */,
				839AAF0C2C0F4D5E0051C0D9 /* LefeverView.swift */,
				83456EDD2C120F4F001B02A6 /* MackenzieView.swift */,
				83456EDF2C12124C001B02A6 /* PullenView.swift */,
				83456EE12C12127F001B02A6 /* SheldrakeView.swift */,
				83456EE32C121529001B02A6 /* LefeverHistoryView.swift */,
				83456EE52C121860001B02A6 /* LefeverMemberView.swift */,
				83947F612C138FE100B3C237 /* LefeverEventView.swift */,
				83D040A42C17D5E400370829 /* MackemzieHistoryView.swift */,
				8347A1512C19FA390068C745 /* LandingView.swift */,
			);
			path = Views;
			sourceTree = "<group>";
		};
/* End PBXGroup section */

/* Begin PBXNativeTarget section */
		83B68E222C0A57320087E8B1 /* LCSPaperHouse */ = {
			isa = PBXNativeTarget;
			buildConfigurationList = 83B68E312C0A57340087E8B1 /* Build configuration list for PBXNativeTarget "LCSPaperHouse" */;
			buildPhases = (
				83B68E1F2C0A57320087E8B1 /* Sources */,
				83B68E202C0A57320087E8B1 /* Frameworks */,
				83B68E212C0A57320087E8B1 /* Resources */,
			);
			buildRules = (
			);
			dependencies = (
			);
			name = LCSPaperHouse;
			productName = LCSPaperHouse;
			productReference = 83B68E232C0A57320087E8B1 /* LCSPaperHouse.app */;
			productType = "com.apple.product-type.application";
		};
/* End PBXNativeTarget section */

/* Begin PBXProject section */
		83B68E1B2C0A57320087E8B1 /* Project object */ = {
			isa = PBXProject;
			attributes = {
				BuildIndependentTargetsInParallel = 1;
				LastSwiftUpdateCheck = 1540;
				LastUpgradeCheck = 1540;
				TargetAttributes = {
					83B68E222C0A57320087E8B1 = {
						CreatedOnToolsVersion = 15.4;
					};
				};
			};
			buildConfigurationList = 83B68E1E2C0A57320087E8B1 /* Build configuration list for PBXProject "LCSPaperHouse" */;
			compatibilityVersion = "Xcode 14.0";
			developmentRegion = en;
			hasScannedForEncodings = 0;
			knownRegions = (
				en,
				Base,
			);
			mainGroup = 83B68E1A2C0A57320087E8B1;
			productRefGroup = 83B68E242C0A57320087E8B1 /* Products */;
			projectDirPath = "";
			projectRoot = "";
			targets = (
				83B68E222C0A57320087E8B1 /* LCSPaperHouse */,
			);
		};
/* End PBXProject section */

/* Begin PBXResourcesBuildPhase section */
		83B68E212C0A57320087E8B1 /* Resources */ = {
			isa = PBXResourcesBuildPhase;
			buildActionMask = 2147483647;
			files = (
				83B68E2E2C0A57340087E8B1 /* Preview Assets.xcassets in Resources */,
				83B68E2B2C0A57340087E8B1 /* Assets.xcassets in Resources */,
			);
			runOnlyForDeploymentPostprocessing = 0;
		};
/* End PBXResourcesBuildPhase section */

/* Begin PBXSourcesBuildPhase section */
		83B68E1F2C0A57320087E8B1 /* Sources */ = {
			isa = PBXSourcesBuildPhase;
			buildActionMask = 2147483647;
			files = (
				83D040A72C17DD3100370829 /* RankView.swift in Sources */,
				83B68E3A2C0A5BE50087E8B1 /* HouseView.swift in Sources */,
				83456EE62C121860001B02A6 /* LefeverMemberView.swift in Sources */,
				83456EDE2C120F4F001B02A6 /* MackenzieView.swift in Sources */,
				8347A1522C19FA390068C745 /* LandingView.swift in Sources */,
				83947F622C138FE100B3C237 /* LefeverEventView.swift in Sources */,
				83B68E352C0A574F0087E8B1 /* StartingView.swift in Sources */,
				83D040A52C17D5E400370829 /* MackemzieHistoryView.swift in Sources */,
				83D040A92C17DE8900370829 /* HistoryView.swift in Sources */,
				83B68E292C0A57320087E8B1 /* ContentView.swift in Sources */,
				83B68E382C0A5ADD0087E8B1 /* LoginView.swift in Sources */,
				83456EE42C121529001B02A6 /* LefeverHistoryView.swift in Sources */,
				839AAF0D2C0F4D5E0051C0D9 /* LefeverView.swift in Sources */,
				83456EE02C12124C001B02A6 /* PullenView.swift in Sources */,
				83456EE22C12127F001B02A6 /* SheldrakeView.swift in Sources */,
				83B68E272C0A57320087E8B1 /* LCSPaperHouseApp.swift in Sources */,
			);
			runOnlyForDeploymentPostprocessing = 0;
		};
/* End PBXSourcesBuildPhase section */

/* Begin XCBuildConfiguration section */
		83B68E2F2C0A57340087E8B1 /* Debug */ = {
			isa = XCBuildConfiguration;
			buildSettings = {
				ALWAYS_SEARCH_USER_PATHS = NO;
				ASSETCATALOG_COMPILER_GENERATE_SWIFT_ASSET_SYMBOL_EXTENSIONS = YES;
				CLANG_ANALYZER_NONNULL = YES;
				CLANG_ANALYZER_NUMBER_OBJECT_CONVERSION = YES_AGGRESSIVE;
				CLANG_CXX_LANGUAGE_STANDARD = "gnu++20";
				CLANG_ENABLE_MODULES = YES;
				CLANG_ENABLE_OBJC_ARC = YES;
				CLANG_ENABLE_OBJC_WEAK = YES;
				CLANG_WARN_BLOCK_CAPTURE_AUTORELEASING = YES;
				CLANG_WARN_BOOL_CONVERSION = YES;
				CLANG_WARN_COMMA = YES;
				CLANG_WARN_CONSTANT_CONVERSION = YES;
				CLANG_WARN_DEPRECATED_OBJC_IMPLEMENTATIONS = YES;
				CLANG_WARN_DIRECT_OBJC_ISA_USAGE = YES_ERROR;
				CLANG_WARN_DOCUMENTATION_COMMENTS = YES;
				CLANG_WARN_EMPTY_BODY = YES;
				CLANG_WARN_ENUM_CONVERSION = YES;
				CLANG_WARN_INFINITE_RECURSION = YES;
				CLANG_WARN_INT_CONVERSION = YES;
				CLANG_WARN_NON_LITERAL_NULL_CONVERSION = YES;
				CLANG_WARN_OBJC_IMPLICIT_RETAIN_SELF = YES;
				CLANG_WARN_OBJC_LITERAL_CONVERSION = YES;
				CLANG_WARN_OBJC_ROOT_CLASS = YES_ERROR;
				CLANG_WARN_QUOTED_INCLUDE_IN_FRAMEWORK_HEADER = YES;
				CLANG_WARN_RANGE_LOOP_ANALYSIS = YES;
				CLANG_WARN_STRICT_PROTOTYPES = YES;
				CLANG_WARN_SUSPICIOUS_MOVE = YES;
				CLANG_WARN_UNGUARDED_AVAILABILITY = YES_AGGRESSIVE;
				CLANG_WARN_UNREACHABLE_CODE = YES;
				CLANG_WARN__DUPLICATE_METHOD_MATCH = YES;
				COPY_PHASE_STRIP = NO;
				DEBUG_INFORMATION_FORMAT = dwarf;
				ENABLE_STRICT_OBJC_MSGSEND = YES;
				ENABLE_TESTABILITY = YES;
				ENABLE_USER_SCRIPT_SANDBOXING = YES;
				GCC_C_LANGUAGE_STANDARD = gnu17;
				GCC_DYNAMIC_NO_PIC = NO;
				GCC_NO_COMMON_BLOCKS = YES;
				GCC_OPTIMIZATION_LEVEL = 0;
				GCC_PREPROCESSOR_DEFINITIONS = (
					"DEBUG=1",
					"$(inherited)",
				);
				GCC_WARN_64_TO_32_BIT_CONVERSION = YES;
				GCC_WARN_ABOUT_RETURN_TYPE = YES_ERROR;
				GCC_WARN_UNDECLARED_SELECTOR = YES;
				GCC_WARN_UNINITIALIZED_AUTOS = YES_AGGRESSIVE;
				GCC_WARN_UNUSED_FUNCTION = YES;
				GCC_WARN_UNUSED_VARIABLE = YES;
				IPHONEOS_DEPLOYMENT_TARGET = 17.5;
				LOCALIZATION_PREFERS_STRING_CATALOGS = YES;
				MTL_ENABLE_DEBUG_INFO = INCLUDE_SOURCE;
				MTL_FAST_MATH = YES;
				ONLY_ACTIVE_ARCH = YES;
				SDKROOT = iphoneos;
				SWIFT_ACTIVE_COMPILATION_CONDITIONS = "DEBUG $(inherited)";
				SWIFT_OPTIMIZATION_LEVEL = "-Onone";
			};
			name = Debug;
		};
		83B68E302C0A57340087E8B1 /* Release */ = {
			isa = XCBuildConfiguration;
			buildSettings = {
				ALWAYS_SEARCH_USER_PATHS = NO;
				ASSETCATALOG_COMPILER_GENERATE_SWIFT_ASSET_SYMBOL_EXTENSIONS = YES;
				CLANG_ANALYZER_NONNULL = YES;
				CLANG_ANALYZER_NUMBER_OBJECT_CONVERSION = YES_AGGRESSIVE;
				CLANG_CXX_LANGUAGE_STANDARD = "gnu++20";
				CLANG_ENABLE_MODULES = YES;
				CLANG_ENABLE_OBJC_ARC = YES;
				CLANG_ENABLE_OBJC_WEAK = YES;
				CLANG_WARN_BLOCK_CAPTURE_AUTORELEASING = YES;
				CLANG_WARN_BOOL_CONVERSION = YES;
				CLANG_WARN_COMMA = YES;
				CLANG_WARN_CONSTANT_CONVERSION = YES;
				CLANG_WARN_DEPRECATED_OBJC_IMPLEMENTATIONS = YES;
				CLANG_WARN_DIRECT_OBJC_ISA_USAGE = YES_ERROR;
				CLANG_WARN_DOCUMENTATION_COMMENTS = YES;
				CLANG_WARN_EMPTY_BODY = YES;
				CLANG_WARN_ENUM_CONVERSION = YES;
				CLANG_WARN_INFINITE_RECURSION = YES;
				CLANG_WARN_INT_CONVERSION = YES;
				CLANG_WARN_NON_LITERAL_NULL_CONVERSION = YES;
				CLANG_WARN_OBJC_IMPLICIT_RETAIN_SELF = YES;
				CLANG_WARN_OBJC_LITERAL_CONVERSION = YES;
				CLANG_WARN_OBJC_ROOT_CLASS = YES_ERROR;
				CLANG_WARN_QUOTED_INCLUDE_IN_FRAMEWORK_HEADER = YES;
				CLANG_WARN_RANGE_LOOP_ANALYSIS = YES;
				CLANG_WARN_STRICT_PROTOTYPES = YES;
				CLANG_WARN_SUSPICIOUS_MOVE = YES;
				CLANG_WARN_UNGUARDED_AVAILABILITY = YES_AGGRESSIVE;
				CLANG_WARN_UNREACHABLE_CODE = YES;
				CLANG_WARN__DUPLICATE_METHOD_MATCH = YES;
				COPY_PHASE_STRIP = NO;
				DEBUG_INFORMATION_FORMAT = "dwarf-with-dsym";
				ENABLE_NS_ASSERTIONS = NO;
				ENABLE_STRICT_OBJC_MSGSEND = YES;
				ENABLE_USER_SCRIPT_SANDBOXING = YES;
				GCC_C_LANGUAGE_STANDARD = gnu17;
				GCC_NO_COMMON_BLOCKS = YES;
				GCC_WARN_64_TO_32_BIT_CONVERSION = YES;
				GCC_WARN_ABOUT_RETURN_TYPE = YES_ERROR;
				GCC_WARN_UNDECLARED_SELECTOR = YES;
				GCC_WARN_UNINITIALIZED_AUTOS = YES_AGGRESSIVE;
				GCC_WARN_UNUSED_FUNCTION = YES;
				GCC_WARN_UNUSED_VARIABLE = YES;
				IPHONEOS_DEPLOYMENT_TARGET = 17.5;
				LOCALIZATION_PREFERS_STRING_CATALOGS = YES;
				MTL_ENABLE_DEBUG_INFO = NO;
				MTL_FAST_MATH = YES;
				SDKROOT = iphoneos;
				SWIFT_COMPILATION_MODE = wholemodule;
				VALIDATE_PRODUCT = YES;
			};
			name = Release;
		};
		83B68E322C0A57340087E8B1 /* Debug */ = {
			isa = XCBuildConfiguration;
			buildSettings = {
				ASSETCATALOG_COMPILER_APPICON_NAME = AppIcon;
				ASSETCATALOG_COMPILER_GLOBAL_ACCENT_COLOR_NAME = AccentColor;
				CODE_SIGN_STYLE = Automatic;
				CURRENT_PROJECT_VERSION = 1;
				DEVELOPMENT_ASSET_PATHS = "\"LCSPaperHouse/Preview Content\"";
				DEVELOPMENT_TEAM = 9H7DRZY698;
				ENABLE_PREVIEWS = YES;
				GENERATE_INFOPLIST_FILE = YES;
				INFOPLIST_KEY_UIApplicationSceneManifest_Generation = YES;
				INFOPLIST_KEY_UIApplicationSupportsIndirectInputEvents = YES;
				INFOPLIST_KEY_UILaunchScreen_Generation = YES;
				INFOPLIST_KEY_UISupportedInterfaceOrientations_iPad = "UIInterfaceOrientationPortrait UIInterfaceOrientationPortraitUpsideDown UIInterfaceOrientationLandscapeLeft UIInterfaceOrientationLandscapeRight";
				INFOPLIST_KEY_UISupportedInterfaceOrientations_iPhone = "UIInterfaceOrientationPortrait UIInterfaceOrientationLandscapeLeft UIInterfaceOrientationLandscapeRight";
				LD_RUNPATH_SEARCH_PATHS = (
					"$(inherited)",
					"@executable_path/Frameworks",
				);
				MARKETING_VERSION = 1.0;
				PRODUCT_BUNDLE_IDENTIFIER = ca.dliu.LCSPaperHouse;
				PRODUCT_NAME = "$(TARGET_NAME)";
				SWIFT_EMIT_LOC_STRINGS = YES;
				SWIFT_VERSION = 5.0;
				TARGETED_DEVICE_FAMILY = "1,2";
			};
			name = Debug;
		};
		83B68E332C0A57340087E8B1 /* Release */ = {
			isa = XCBuildConfiguration;
			buildSettings = {
				ASSETCATALOG_COMPILER_APPICON_NAME = AppIcon;
				ASSETCATALOG_COMPILER_GLOBAL_ACCENT_COLOR_NAME = AccentColor;
				CODE_SIGN_STYLE = Automatic;
				CURRENT_PROJECT_VERSION = 1;
				DEVELOPMENT_ASSET_PATHS = "\"LCSPaperHouse/Preview Content\"";
				DEVELOPMENT_TEAM = 9H7DRZY698;
				ENABLE_PREVIEWS = YES;
				GENERATE_INFOPLIST_FILE = YES;
				INFOPLIST_KEY_UIApplicationSceneManifest_Generation = YES;
				INFOPLIST_KEY_UIApplicationSupportsIndirectInputEvents = YES;
				INFOPLIST_KEY_UILaunchScreen_Generation = YES;
				INFOPLIST_KEY_UISupportedInterfaceOrientations_iPad = "UIInterfaceOrientationPortrait UIInterfaceOrientationPortraitUpsideDown UIInterfaceOrientationLandscapeLeft UIInterfaceOrientationLandscapeRight";
				INFOPLIST_KEY_UISupportedInterfaceOrientations_iPhone = "UIInterfaceOrientationPortrait UIInterfaceOrientationLandscapeLeft UIInterfaceOrientationLandscapeRight";
				LD_RUNPATH_SEARCH_PATHS = (
					"$(inherited)",
					"@executable_path/Frameworks",
				);
				MARKETING_VERSION = 1.0;
				PRODUCT_BUNDLE_IDENTIFIER = ca.dliu.LCSPaperHouse;
				PRODUCT_NAME = "$(TARGET_NAME)";
				SWIFT_EMIT_LOC_STRINGS = YES;
				SWIFT_VERSION = 5.0;
				TARGETED_DEVICE_FAMILY = "1,2";
			};
			name = Release;
		};
/* End XCBuildConfiguration section */

/* Begin XCConfigurationList section */
		83B68E1E2C0A57320087E8B1 /* Build configuration list for PBXProject "LCSPaperHouse" */ = {
			isa = XCConfigurationList;
			buildConfigurations = (
				83B68E2F2C0A57340087E8B1 /* Debug */,
				83B68E302C0A57340087E8B1 /* Release */,
			);
			defaultConfigurationIsVisible = 0;
			defaultConfigurationName = Release;
		};
		83B68E312C0A57340087E8B1 /* Build configuration list for PBXNativeTarget "LCSPaperHouse" */ = {
			isa = XCConfigurationList;
			buildConfigurations = (
				83B68E322C0A57340087E8B1 /* Debug */,
				83B68E332C0A57340087E8B1 /* Release */,
			);
			defaultConfigurationIsVisible = 0;
			defaultConfigurationName = Release;
		};
/* End XCConfigurationList section */
	};
	rootObject = 83B68E1B2C0A57320087E8B1 /* Project object */;
}
